
Microsoft Visual Studio Solution File, Format Version 12.00
# Visual Studio 15
VisualStudioVersion = 15.0.26124.0
MinimumVisualStudioVersion = 15.0.26124.0
Project("{2150E333-8FDC-42A3-9474-1A3956D46DE8}") = "src", "src", "{DD162E1C-E574-4417-8E68-F30800B8C124}"
EndProject
Project("{FAE04EC0-301F-11D3-BF4B-00C04F79EFBC}") = "CommandAPI", "src\CommandAPI\CommandAPI.csproj", "{78E40862-A934-49BA-B388-A6CAF03BD964}"
EndProject
Project("{2150E333-8FDC-42A3-9474-1A3956D46DE8}") = "test", "test", "{83273610-122A-4A06-8DA3-D9886EEE6E02}"
EndProject
Project("{FAE04EC0-301F-11D3-BF4B-00C04F79EFBC}") = "CommandAPI.Tests", "test\CommandAPI.Tests\CommandAPI.Tests.csproj", "{9C78D892-935D-47BF-AFA6-DFC9051D54C5}"
EndProject
Global
	GlobalSection(SolutionConfigurationPlatforms) = preSolution
		Debug|Any CPU = Debug|Any CPU
		Debug|x64 = Debug|x64
		Debug|x86 = Debug|x86
		Release|Any CPU = Release|Any CPU
		Release|x64 = Release|x64
		Release|x86 = Release|x86
	EndGlobalSection
	GlobalSection(SolutionProperties) = preSolution
		HideSolutionNode = FALSE
	EndGlobalSection
	GlobalSection(ProjectConfigurationPlatforms) = postSolution
		{78E40862-A934-49BA-B388-A6CAF03BD964}.Debug|Any CPU.ActiveCfg = Debug|Any CPU
		{78E40862-A934-49BA-B388-A6CAF03BD964}.Debug|Any CPU.Build.0 = Debug|Any CPU
		{78E40862-A934-49BA-B388-A6CAF03BD964}.Debug|x64.ActiveCfg = Debug|Any CPU
		{78E40862-A934-49BA-B388-A6CAF03BD964}.Debug|x64.Build.0 = Debug|Any CPU
		{78E40862-A934-49BA-B388-A6CAF03BD964}.Debug|x86.ActiveCfg = Debug|Any CPU
		{78E40862-A934-49BA-B388-A6CAF03BD964}.Debug|x86.Build.0 = Debug|Any CPU
		{78E40862-A934-49BA-B388-A6CAF03BD964}.Release|Any CPU.ActiveCfg = Release|Any CPU
		{78E40862-A934-49BA-B388-A6CAF03BD964}.Release|Any CPU.Build.0 = Release|Any CPU
		{78E40862-A934-49BA-B388-A6CAF03BD964}.Release|x64.ActiveCfg = Release|Any CPU
		{78E40862-A934-49BA-B388-A6CAF03BD964}.Release|x64.Build.0 = Release|Any CPU
		{78E40862-A934-49BA-B388-A6CAF03BD964}.Release|x86.ActiveCfg = Release|Any CPU
		{78E40862-A934-49BA-B388-A6CAF03BD964}.Release|x86.Build.0 = Release|Any CPU
		{9C78D892-935D-47BF-AFA6-DFC9051D54C5}.Debug|Any CPU.ActiveCfg = Debug|Any CPU
		{9C78D892-935D-47BF-AFA6-DFC9051D54C5}.Debug|Any CPU.Build.0 = Debug|Any CPU
		{9C78D892-935D-47BF-AFA6-DFC9051D54C5}.Debug|x64.ActiveCfg = Debug|Any CPU
		{9C78D892-935D-47BF-AFA6-DFC9051D54C5}.Debug|x64.Build.0 = Debug|Any CPU
		{9C78D892-935D-47BF-AFA6-DFC9051D54C5}.Debug|x86.ActiveCfg = Debug|Any CPU
		{9C78D892-935D-47BF-AFA6-DFC9051D54C5}.Debug|x86.Build.0 = Debug|Any CPU
		{9C78D892-935D-47BF-AFA6-DFC9051D54C5}.Release|Any CPU.ActiveCfg = Release|Any CPU
		{9C78D892-935D-47BF-AFA6-DFC9051D54C5}.Release|Any CPU.Build.0 = Release|Any CPU
		{9C78D892-935D-47BF-AFA6-DFC9051D54C5}.Release|x64.ActiveCfg = Release|Any CPU
		{9C78D892-935D-47BF-AFA6-DFC9051D54C5}.Release|x64.Build.0 = Release|Any CPU
		{9C78D892-935D-47BF-AFA6-DFC9051D54C5}.Release|x86.ActiveCfg = Release|Any CPU
		{9C78D892-935D-47BF-AFA6-DFC9051D54C5}.Release|x86.Build.0 = Release|Any CPU
	EndGlobalSection
	GlobalSection(NestedProjects) = preSolution
		{78E40862-A934-49BA-B388-A6CAF03BD964} = {DD162E1C-E574-4417-8E68-F30800B8C124}
		{9C78D892-935D-47BF-AFA6-DFC9051D54C5} = {83273610-122A-4A06-8DA3-D9886EEE6E02}
	EndGlobalSection
EndGlobal
